
Microsoft Visual Studio Solution File, Format Version 12.00
# Visual Studio Version 16
VisualStudioVersion = 16.0.31702.278
MinimumVisualStudioVersion = 10.0.40219.1
Project("{8BC9CEB8-8B4A-11D0-8D11-00A0C91BC942}") = "DiscordBear", "DiscordBear\DiscordBear.vcxproj", "{41006BB7-480B-45E1-A601-A6E30928F280}"
EndProject
Project("{8BC9CEB8-8B4A-11D0-8D11-00A0C91BC942}") = "TestMain", "TestMain\TestMain.vcxproj", "{A9D83CEC-5F53-437B-95D7-732974F6ECD8}"
	ProjectSection(ProjectDependencies) = postProject
		{BFCA101D-EF22-486E-AE76-D91C884718BB} = {BFCA101D-EF22-486E-AE76-D91C884718BB}
		{41006BB7-480B-45E1-A601-A6E30928F280} = {41006BB7-480B-45E1-A601-A6E30928F280}
	EndProjectSection
EndProject
Project("{8BC9CEB8-8B4A-11D0-8D11-00A0C91BC942}") = "CharacterControlCore", "CharacterControlCore\CharacterControlCore.vcxproj", "{BFCA101D-EF22-486E-AE76-D91C884718BB}"
	ProjectSection(ProjectDependencies) = postProject
		{41006BB7-480B-45E1-A601-A6E30928F280} = {41006BB7-480B-45E1-A601-A6E30928F280}
	EndProjectSection
EndProject
Global
	GlobalSection(SolutionConfigurationPlatforms) = preSolution
		Debug|x64 = Debug|x64
		Release|x64 = Release|x64
	EndGlobalSection
	GlobalSection(ProjectConfigurationPlatforms) = postSolution
		{41006BB7-480B-45E1-A601-A6E30928F280}.Debug|x64.ActiveCfg = Debug|x64
		{41006BB7-480B-45E1-A601-A6E30928F280}.Debug|x64.Build.0 = Debug|x64
		{41006BB7-480B-45E1-A601-A6E30928F280}.Release|x64.ActiveCfg = Release|x64
		{41006BB7-480B-45E1-A601-A6E30928F280}.Release|x64.Build.0 = Release|x64
		{A9D83CEC-5F53-437B-95D7-732974F6ECD8}.Debug|x64.ActiveCfg = Debug|x64
		{A9D83CEC-5F53-437B-95D7-732974F6ECD8}.Debug|x64.Build.0 = Debug|x64
		{A9D83CEC-5F53-437B-95D7-732974F6ECD8}.Release|x64.ActiveCfg = Release|x64
		{A9D83CEC-5F53-437B-95D7-732974F6ECD8}.Release|x64.Build.0 = Release|x64
		{BFCA101D-EF22-486E-AE76-D91C884718BB}.Debug|x64.ActiveCfg = Debug|x64
		{BFCA101D-EF22-486E-AE76-D91C884718BB}.Debug|x64.Build.0 = Debug|x64
		{BFCA101D-EF22-486E-AE76-D91C884718BB}.Release|x64.ActiveCfg = Release|x64
		{BFCA101D-EF22-486E-AE76-D91C884718BB}.Release|x64.Build.0 = Release|x64
	EndGlobalSection
	GlobalSection(SolutionProperties) = preSolution
		HideSolutionNode = FALSE
	EndGlobalSection
	GlobalSection(ExtensibilityGlobals) = postSolution
		SolutionGuid = {DB779A7B-6937-4BA6-A1FB-59EE39714C65}
	EndGlobalSection
EndGlobal
