<?xml version="1.0" encoding="utf-8"?>
<Project ToolsVersion="4.0" xmlns="http://schemas.microsoft.com/developer/msbuild/2003">
  <ItemGroup>
    <Filter Include="Source Files">
      <UniqueIdentifier>{4FC737F1-C7A5-4376-A066-2A32D752A2FF}</UniqueIdentifier>
      <Extensions>cpp;c;cc;cxx;c++;cppm;ixx;def;odl;idl;hpj;bat;asm;asmx</Extensions>
    </Filter>
    <Filter Include="Header Files">
      <UniqueIdentifier>{93995380-89BD-4b04-88EB-625FBE52EBFB}</UniqueIdentifier>
      <Extensions>h;hh;hpp;hxx;h++;hm;inl;inc;ipp;xsd</Extensions>
    </Filter>
    <Filter Include="Resource Files">
      <UniqueIdentifier>{67DA6AB6-F800-4c08-8B7A-83BB121AAD01}</UniqueIdentifier>
      <Extensions>rc;ico;cur;bmp;dlg;rc2;rct;bin;rgs;gif;jpg;jpeg;jpe;resx;tiff;tif;png;wav;mfcribbon-ms</Extensions>
    </Filter>
    <Filter Include="Header Files\Component">
      <UniqueIdentifier>{9d3e31d7-e655-4f3d-8d27-688d2b5b1408}</UniqueIdentifier>
    </Filter>
    <Filter Include="Header Files\Character">
      <UniqueIdentifier>{ea8ef18f-2811-4c05-b698-d48ce62373a9}</UniqueIdentifier>
    </Filter>
    <Filter Include="Header Files\CharacterControl">
      <UniqueIdentifier>{76a38452-95a9-427a-a117-5bdbf55e8935}</UniqueIdentifier>
    </Filter>
    <Filter Include="Source Files\Component">
      <UniqueIdentifier>{7bc99fe4-dd77-448f-81ee-0480cac011bf}</UniqueIdentifier>
    </Filter>
    <Filter Include="Source Files\Character">
      <UniqueIdentifier>{56211a60-38cb-4eda-8c05-b027934a31bb}</UniqueIdentifier>
    </Filter>
    <Filter Include="Source Files\CharacterControl">
      <UniqueIdentifier>{6d578502-0b7c-44b4-aa57-82abf7764765}</UniqueIdentifier>
    </Filter>
    <Filter Include="Header Files\Helpers">
      <UniqueIdentifier>{ef28f868-b97b-4051-be88-2279c0812d1b}</UniqueIdentifier>
    </Filter>
    <Filter Include="Source Files\Helpers">
      <UniqueIdentifier>{555a673c-867b-4e41-902a-e542355bf24a}</UniqueIdentifier>
    </Filter>
    <Filter Include="Header Files\Character\Resource">
      <UniqueIdentifier>{b150f345-fb2c-4ea9-99b5-1934b5a5477a}</UniqueIdentifier>
    </Filter>
    <Filter Include="Source Files\Character\Resource">
      <UniqueIdentifier>{eed304d4-50de-4141-b544-d580dc87c277}</UniqueIdentifier>
    </Filter>
  </ItemGroup>
  <ItemGroup>
    <ClInclude Include="PCH.h">
      <Filter>Header Files</Filter>
    </ClInclude>
    <ClInclude Include="DiscordComponent.h">
      <Filter>Header Files\Component</Filter>
    </ClInclude>
    <ClInclude Include="Component.h">
      <Filter>Header Files\Component</Filter>
    </ClInclude>
    <ClInclude Include="Character.h">
      <Filter>Header Files\Character</Filter>
    </ClInclude>
    <ClInclude Include="CharacterControl.h">
      <Filter>Header Files\CharacterControl</Filter>
    </ClInclude>
    <ClInclude Include="CharacterMap.h">
      <Filter>Header Files\CharacterControl</Filter>
    </ClInclude>
    <ClInclude Include="CharacterCreator.h">
      <Filter>Header Files\Character</Filter>
    </ClInclude>
    <ClInclude Include="ThreadSafe.h">
      <Filter>Header Files\Helpers</Filter>
    </ClInclude>
    <ClInclude Include="WatchedJson.h">
      <Filter>Header Files\Helpers</Filter>
    </ClInclude>
    <ClInclude Include="ImageResource.h">
      <Filter>Header Files\Character\Resource</Filter>
    </ClInclude>
    <ClInclude Include="Attributes.h">
      <Filter>Header Files\Character</Filter>
    </ClInclude>
    <ClInclude Include="VisualLayer.h">
      <Filter>Header Files\Character</Filter>
    </ClInclude>
    <ClInclude Include="Condition.h">
      <Filter>Header Files\Character</Filter>
    </ClInclude>
    <ClInclude Include="Interface.h">
      <Filter>Header Files</Filter>
    </ClInclude>
  </ItemGroup>
  <ItemGroup>
    <ClCompile Include="PCH.cpp">
      <Filter>Source Files</Filter>
    </ClCompile>
    <ClCompile Include="DiscordComponent.cpp">
      <Filter>Source Files\Component</Filter>
    </ClCompile>
    <ClCompile Include="Component.cpp">
      <Filter>Source Files\Component</Filter>
    </ClCompile>
    <ClCompile Include="CharacterControl.cpp">
      <Filter>Source Files\CharacterControl</Filter>
    </ClCompile>
    <ClCompile Include="CharacterCreator.cpp">
      <Filter>Source Files\Character</Filter>
    </ClCompile>
    <ClCompile Include="WatchedJson.cpp">
      <Filter>Source Files\Helpers</Filter>
    </ClCompile>
    <ClCompile Include="Character.cpp">
      <Filter>Source Files\Character</Filter>
    </ClCompile>
    <ClCompile Include="Attributes.cpp">
      <Filter>Source Files\Character</Filter>
    </ClCompile>
    <ClCompile Include="ImageResource.cpp">
      <Filter>Source Files\Character\Resource</Filter>
    </ClCompile>
    <ClCompile Include="Condition.cpp">
      <Filter>Source Files\Character</Filter>
    </ClCompile>
    <ClCompile Include="VisualLayer.cpp">
      <Filter>Source Files\Character</Filter>
    </ClCompile>
    <ClCompile Include="Interface.cpp">
      <Filter>Source Files</Filter>
    </ClCompile>
  </ItemGroup>
  <ItemGroup>
    <None Include="packages.config" />
  </ItemGroup>
</Project>